// !$*UTF8*$!
{
	archiveVersion = 1;
	classes = {
	};
	objectVersion = 46;
	objects = {

/* Begin PBXBuildFile section */
		5A2D74381E7796F100037F09 /* MMButtonMenu.m in Sources */ = {isa = PBXBuildFile; fileRef = 5A2D74351E7796F100037F09 /* MMButtonMenu.m */; };
		5A2D74391E7796F100037F09 /* MMButtonMenuItem.m in Sources */ = {isa = PBXBuildFile; fileRef = 5A2D74371E7796F100037F09 /* MMButtonMenuItem.m */; };
		5A39F8881E49546100A45090 /* WUIImage.m in Sources */ = {isa = PBXBuildFile; fileRef = 5A39F8871E49546100A45090 /* WUIImage.m */; };
		5A3A3C361E10C4F200704F81 /* QJMainListCell.m in Sources */ = {isa = PBXBuildFile; fileRef = 5A3A3C341E10C4F200704F81 /* QJMainListCell.m */; };
		5A3A3C371E10C4F200704F81 /* QJMainListCell.xib in Resources */ = {isa = PBXBuildFile; fileRef = 5A3A3C351E10C4F200704F81 /* QJMainListCell.xib */; };
		5A3A3C3F1E10C51300704F81 /* TFHpple.m in Sources */ = {isa = PBXBuildFile; fileRef = 5A3A3C3A1E10C51300704F81 /* TFHpple.m */; };
		5A3A3C401E10C51300704F81 /* TFHppleElement.m in Sources */ = {isa = PBXBuildFile; fileRef = 5A3A3C3C1E10C51300704F81 /* TFHppleElement.m */; };
		5A3A3C411E10C51300704F81 /* XPathQuery.m in Sources */ = {isa = PBXBuildFile; fileRef = 5A3A3C3E1E10C51300704F81 /* XPathQuery.m */; };
		5A3A3C431E10C5AD00704F81 /* libxml2.2.tbd in Frameworks */ = {isa = PBXBuildFile; fileRef = 5A3A3C421E10C5AD00704F81 /* libxml2.2.tbd */; };
		5A3A3C551E11150B00704F81 /* HentaiParser.m in Sources */ = {isa = PBXBuildFile; fileRef = 5A3A3C541E11150B00704F81 /* HentaiParser.m */; };
		5A3BA4F51E287928000ADEDA /* QJDownloadManager.m in Sources */ = {isa = PBXBuildFile; fileRef = 5A3BA4F41E287928000ADEDA /* QJDownloadManager.m */; };
		5A4ADACA1E723F7100CA9EA4 /* Entity+CoreDataClass.m in Sources */ = {isa = PBXBuildFile; fileRef = 5A4ADAC71E723F7100CA9EA4 /* Entity+CoreDataClass.m */; };
		5A4ADACB1E723F7100CA9EA4 /* Entity+CoreDataProperties.m in Sources */ = {isa = PBXBuildFile; fileRef = 5A4ADAC91E723F7100CA9EA4 /* Entity+CoreDataProperties.m */; };
		5A57ECDC1E11570000B28D37 /* Localizable.strings in Resources */ = {isa = PBXBuildFile; fileRef = 5A57ECDE1E11570000B28D37 /* Localizable.strings */; };
		5A66701F1E6B150C0038551D /* QJMainTabBarViewController.m in Sources */ = {isa = PBXBuildFile; fileRef = 5A66701E1E6B150C0038551D /* QJMainTabBarViewController.m */; };
		5A67BF9E1E6FD6610047D25F /* TagCollect+CoreDataClass.m in Sources */ = {isa = PBXBuildFile; fileRef = 5A67BF9B1E6FD6610047D25F /* TagCollect+CoreDataClass.m */; };
		5A67BF9F1E6FD6610047D25F /* TagCollect+CoreDataProperties.m in Sources */ = {isa = PBXBuildFile; fileRef = 5A67BF9D1E6FD6610047D25F /* TagCollect+CoreDataProperties.m */; };
		5A67BFB81E6FE31C0047D25F /* QJTagMainViewController.m in Sources */ = {isa = PBXBuildFile; fileRef = 5A67BFB71E6FE31C0047D25F /* QJTagMainViewController.m */; };
		5A6D5B361E6C329E008AE79E /* QJSettingUserCell.m in Sources */ = {isa = PBXBuildFile; fileRef = 5A6D5B341E6C329E008AE79E /* QJSettingUserCell.m */; };
		5A6D5B371E6C329E008AE79E /* QJSettingUserCell.xib in Resources */ = {isa = PBXBuildFile; fileRef = 5A6D5B351E6C329E008AE79E /* QJSettingUserCell.xib */; };
		5A7A54E51E4828F9002A817C /* DiveExHentaiV2.m in Sources */ = {isa = PBXBuildFile; fileRef = 5A7A54E41E4828F9002A817C /* DiveExHentaiV2.m */; };
		5A8441E61E22445200896D7A /* QJSettingViewController.m in Sources */ = {isa = PBXBuildFile; fileRef = 5A8441E51E22445200896D7A /* QJSettingViewController.m */; };
		5A89A46C1E2312E4009C82B2 /* QJStarView.m in Sources */ = {isa = PBXBuildFile; fileRef = 5A89A46B1E2312E4009C82B2 /* QJStarView.m */; };
		5A89A46E1E2321AD009C82B2 /* LocalAuthentication.framework in Frameworks */ = {isa = PBXBuildFile; fileRef = 5A89A46D1E2321AD009C82B2 /* LocalAuthentication.framework */; };
		5A89A4771E2329CD009C82B2 /* QJAboutViewController.m in Sources */ = {isa = PBXBuildFile; fileRef = 5A89A4761E2329CD009C82B2 /* QJAboutViewController.m */; };
		5A89A47C1E235CF7009C82B2 /* QJAboutListViewController.m in Sources */ = {isa = PBXBuildFile; fileRef = 5A89A47B1E235CF7009C82B2 /* QJAboutListViewController.m */; };
		5A89A4821E23696C009C82B2 /* QJTouchIDViewController.m in Sources */ = {isa = PBXBuildFile; fileRef = 5A89A4801E23696C009C82B2 /* QJTouchIDViewController.m */; };
		5A89A4831E23696C009C82B2 /* QJTouchIDViewController.xib in Resources */ = {isa = PBXBuildFile; fileRef = 5A89A4811E23696C009C82B2 /* QJTouchIDViewController.xib */; };
		5A8ADC661E25CBCC0075C5F6 /* QJCoreDataModel.xcdatamodeld in Sources */ = {isa = PBXBuildFile; fileRef = 5A8ADC641E25CBCC0075C5F6 /* QJCoreDataModel.xcdatamodeld */; };
		5A8ADC761E25D8760075C5F6 /* CoreData.framework in Frameworks */ = {isa = PBXBuildFile; fileRef = 5A8ADC741E25D4290075C5F6 /* CoreData.framework */; };
		5A8ADC8B1E2603C20075C5F6 /* QJFavoritesViewController.m in Sources */ = {isa = PBXBuildFile; fileRef = 5A8ADC8A1E2603C20075C5F6 /* QJFavoritesViewController.m */; };
		5A8CA8B11E246944008CB68D /* QJHotViewController.m in Sources */ = {isa = PBXBuildFile; fileRef = 5A8CA8B01E246944008CB68D /* QJHotViewController.m */; };
		5A8CA8B51E24C560008CB68D /* QJScoreView.m in Sources */ = {isa = PBXBuildFile; fileRef = 5A8CA8B41E24C560008CB68D /* QJScoreView.m */; };
		5A8CA8B71E24C579008CB68D /* QJScoreView.xib in Resources */ = {isa = PBXBuildFile; fileRef = 5A8CA8B61E24C579008CB68D /* QJScoreView.xib */; };
		5A8CA8BF1E24F518008CB68D /* QJPasswordViewController.m in Sources */ = {isa = PBXBuildFile; fileRef = 5A8CA8BD1E24F518008CB68D /* QJPasswordViewController.m */; };
		5A8CA8C01E24F518008CB68D /* QJPasswordViewController.xib in Resources */ = {isa = PBXBuildFile; fileRef = 5A8CA8BE1E24F518008CB68D /* QJPasswordViewController.xib */; };
		5A955D031E6EC5A9009DC5C8 /* QJFavoritesChooseController.m in Sources */ = {isa = PBXBuildFile; fileRef = 5A955D021E6EC5A9009DC5C8 /* QJFavoritesChooseController.m */; };
		5A955D081E6EC6BA009DC5C8 /* QJFavoritesChooseCell.m in Sources */ = {isa = PBXBuildFile; fileRef = 5A955D061E6EC6BA009DC5C8 /* QJFavoritesChooseCell.m */; };
		5A955D091E6EC6BA009DC5C8 /* QJFavoritesChooseCell.xib in Resources */ = {isa = PBXBuildFile; fileRef = 5A955D071E6EC6BA009DC5C8 /* QJFavoritesChooseCell.xib */; };
		5A956E741E176F7B001720B5 /* QJTagView.m in Sources */ = {isa = PBXBuildFile; fileRef = 5A956E731E176F7B001720B5 /* QJTagView.m */; };
		5A956E7B1E17F661001720B5 /* QJTagViewController.m in Sources */ = {isa = PBXBuildFile; fileRef = 5A956E7A1E17F661001720B5 /* QJTagViewController.m */; };
		5A956E851E17FDC0001720B5 /* QJCommentCell.m in Sources */ = {isa = PBXBuildFile; fileRef = 5A956E831E17FDC0001720B5 /* QJCommentCell.m */; };
		5A956E861E17FDC0001720B5 /* QJCommentCell.xib in Resources */ = {isa = PBXBuildFile; fileRef = 5A956E841E17FDC0001720B5 /* QJCommentCell.xib */; };
		5A956E8D1E180875001720B5 /* UILabel+LinkUrl.m in Sources */ = {isa = PBXBuildFile; fileRef = 5A956E8C1E180875001720B5 /* UILabel+LinkUrl.m */; };
		5A956E921E180F9C001720B5 /* QJAllCommentViewController.m in Sources */ = {isa = PBXBuildFile; fileRef = 5A956E911E180F9C001720B5 /* QJAllCommentViewController.m */; };
		5AC789BD1E0F850800DFFAA3 /* main.m in Sources */ = {isa = PBXBuildFile; fileRef = 5AC789BC1E0F850800DFFAA3 /* main.m */; };
		5AC789C01E0F850800DFFAA3 /* AppDelegate.m in Sources */ = {isa = PBXBuildFile; fileRef = 5AC789BF1E0F850800DFFAA3 /* AppDelegate.m */; };
		5AC789C31E0F850800DFFAA3 /* ViewController.m in Sources */ = {isa = PBXBuildFile; fileRef = 5AC789C21E0F850800DFFAA3 /* ViewController.m */; };
		5AC789C61E0F850800DFFAA3 /* Main.storyboard in Resources */ = {isa = PBXBuildFile; fileRef = 5AC789C41E0F850800DFFAA3 /* Main.storyboard */; };
		5AC789C81E0F850800DFFAA3 /* Assets.xcassets in Resources */ = {isa = PBXBuildFile; fileRef = 5AC789C71E0F850800DFFAA3 /* Assets.xcassets */; };
		5AC789CB1E0F850800DFFAA3 /* LaunchScreen.storyboard in Resources */ = {isa = PBXBuildFile; fileRef = 5AC789C91E0F850800DFFAA3 /* LaunchScreen.storyboard */; };
		5AC789DC1E0F868600DFFAA3 /* InfoPlist.strings in Resources */ = {isa = PBXBuildFile; fileRef = 5AC789DE1E0F868600DFFAA3 /* InfoPlist.strings */; };
		5AD4A4161E31A2E3004514AF /* QJLoginViewController.m in Sources */ = {isa = PBXBuildFile; fileRef = 5AD4A4141E31A2E3004514AF /* QJLoginViewController.m */; };
		5AD4A4171E31A2E3004514AF /* QJLoginViewController.xib in Resources */ = {isa = PBXBuildFile; fileRef = 5AD4A4151E31A2E3004514AF /* QJLoginViewController.xib */; };
		5ADF4AAA1E41FD2700739557 /* QJTopButtonView.xib in Resources */ = {isa = PBXBuildFile; fileRef = 5ADF4AA91E41FD2700739557 /* QJTopButtonView.xib */; };
		5AE738F51E18CC9300CCF605 /* QJThumbImageCell.m in Sources */ = {isa = PBXBuildFile; fileRef = 5AE738F31E18CC9300CCF605 /* QJThumbImageCell.m */; };
		5AE738F61E18CC9300CCF605 /* QJThumbImageCell.xib in Resources */ = {isa = PBXBuildFile; fileRef = 5AE738F41E18CC9300CCF605 /* QJThumbImageCell.xib */; };
		5AF1D42A1E13E978005D465C /* QJIntroInfoModel.m in Sources */ = {isa = PBXBuildFile; fileRef = 5AF1D4291E13E978005D465C /* QJIntroInfoModel.m */; };
		5AF42D561E42F52900BEC584 /* QJTopButtonView.m in Sources */ = {isa = PBXBuildFile; fileRef = 5AF42D551E42F52900BEC584 /* QJTopButtonView.m */; };
		5AFD23B41E159BCF0003B905 /* QJIntroViewController.m in Sources */ = {isa = PBXBuildFile; fileRef = 5AFD23B21E159BCF0003B905 /* QJIntroViewController.m */; };
		5AFD23B51E159BCF0003B905 /* QJIntroViewController.xib in Resources */ = {isa = PBXBuildFile; fileRef = 5AFD23B31E159BCF0003B905 /* QJIntroViewController.xib */; };
		61C6FAE954856155D80D50DF /* libPods-ExReadViewer.a in Frameworks */ = {isa = PBXBuildFile; fileRef = 2ADB6691A1526C9215945DC6 /* libPods-ExReadViewer.a */; };
/* End PBXBuildFile section */

/* Begin PBXFileReference section */
		0D3287C0245623183D78C405 /* Pods-ExReadViewer.release.xcconfig */ = {isa = PBXFileReference; includeInIndex = 1; lastKnownFileType = text.xcconfig; name = "Pods-ExReadViewer.release.xcconfig"; path = "Pods/Target Support Files/Pods-ExReadViewer/Pods-ExReadViewer.release.xcconfig"; sourceTree = "<group>"; };
		2ADB6691A1526C9215945DC6 /* libPods-ExReadViewer.a */ = {isa = PBXFileReference; explicitFileType = archive.ar; includeInIndex = 0; path = "libPods-ExReadViewer.a"; sourceTree = BUILT_PRODUCTS_DIR; };
		34A82DA07F8B8395FA4867DC /* Pods-ExReadViewer.debug.xcconfig */ = {isa = PBXFileReference; includeInIndex = 1; lastKnownFileType = text.xcconfig; name = "Pods-ExReadViewer.debug.xcconfig"; path = "Pods/Target Support Files/Pods-ExReadViewer/Pods-ExReadViewer.debug.xcconfig"; sourceTree = "<group>"; };
		5A2D74341E7796F100037F09 /* MMButtonMenu.h */ = {isa = PBXFileReference; fileEncoding = 4; lastKnownFileType = sourcecode.c.h; path = MMButtonMenu.h; sourceTree = "<group>"; };
		5A2D74351E7796F100037F09 /* MMButtonMenu.m */ = {isa = PBXFileReference; fileEncoding = 4; lastKnownFileType = sourcecode.c.objc; path = MMButtonMenu.m; sourceTree = "<group>"; };
		5A2D74361E7796F100037F09 /* MMButtonMenuItem.h */ = {isa = PBXFileReference; fileEncoding = 4; lastKnownFileType = sourcecode.c.h; path = MMButtonMenuItem.h; sourceTree = "<group>"; };
		5A2D74371E7796F100037F09 /* MMButtonMenuItem.m */ = {isa = PBXFileReference; fileEncoding = 4; lastKnownFileType = sourcecode.c.objc; path = MMButtonMenuItem.m; sourceTree = "<group>"; };
		5A39F8861E49546100A45090 /* WUIImage.h */ = {isa = PBXFileReference; fileEncoding = 4; lastKnownFileType = sourcecode.c.h; path = WUIImage.h; sourceTree = "<group>"; };
		5A39F8871E49546100A45090 /* WUIImage.m */ = {isa = PBXFileReference; fileEncoding = 4; lastKnownFileType = sourcecode.c.objc; path = WUIImage.m; sourceTree = "<group>"; };
		5A3A3C331E10C4F200704F81 /* QJMainListCell.h */ = {isa = PBXFileReference; fileEncoding = 4; lastKnownFileType = sourcecode.c.h; path = QJMainListCell.h; sourceTree = "<group>"; };
		5A3A3C341E10C4F200704F81 /* QJMainListCell.m */ = {isa = PBXFileReference; fileEncoding = 4; lastKnownFileType = sourcecode.c.objc; path = QJMainListCell.m; sourceTree = "<group>"; };
		5A3A3C351E10C4F200704F81 /* QJMainListCell.xib */ = {isa = PBXFileReference; fileEncoding = 4; lastKnownFileType = file.xib; path = QJMainListCell.xib; sourceTree = "<group>"; };
		5A3A3C391E10C51300704F81 /* TFHpple.h */ = {isa = PBXFileReference; fileEncoding = 4; lastKnownFileType = sourcecode.c.h; path = TFHpple.h; sourceTree = "<group>"; };
		5A3A3C3A1E10C51300704F81 /* TFHpple.m */ = {isa = PBXFileReference; fileEncoding = 4; lastKnownFileType = sourcecode.c.objc; path = TFHpple.m; sourceTree = "<group>"; };
		5A3A3C3B1E10C51300704F81 /* TFHppleElement.h */ = {isa = PBXFileReference; fileEncoding = 4; lastKnownFileType = sourcecode.c.h; path = TFHppleElement.h; sourceTree = "<group>"; };
		5A3A3C3C1E10C51300704F81 /* TFHppleElement.m */ = {isa = PBXFileReference; fileEncoding = 4; lastKnownFileType = sourcecode.c.objc; path = TFHppleElement.m; sourceTree = "<group>"; };
		5A3A3C3D1E10C51300704F81 /* XPathQuery.h */ = {isa = PBXFileReference; fileEncoding = 4; lastKnownFileType = sourcecode.c.h; path = XPathQuery.h; sourceTree = "<group>"; };
		5A3A3C3E1E10C51300704F81 /* XPathQuery.m */ = {isa = PBXFileReference; fileEncoding = 4; lastKnownFileType = sourcecode.c.objc; path = XPathQuery.m; sourceTree = "<group>"; };
		5A3A3C421E10C5AD00704F81 /* libxml2.2.tbd */ = {isa = PBXFileReference; lastKnownFileType = "sourcecode.text-based-dylib-definition"; name = libxml2.2.tbd; path = usr/lib/libxml2.2.tbd; sourceTree = SDKROOT; };
		5A3A3C531E11150B00704F81 /* HentaiParser.h */ = {isa = PBXFileReference; fileEncoding = 4; lastKnownFileType = sourcecode.c.h; path = HentaiParser.h; sourceTree = "<group>"; };
		5A3A3C541E11150B00704F81 /* HentaiParser.m */ = {isa = PBXFileReference; fileEncoding = 4; lastKnownFileType = sourcecode.c.objc; path = HentaiParser.m; sourceTree = "<group>"; };
		5A3BA4F31E287928000ADEDA /* QJDownloadManager.h */ = {isa = PBXFileReference; fileEncoding = 4; lastKnownFileType = sourcecode.c.h; path = QJDownloadManager.h; sourceTree = "<group>"; };
		5A3BA4F41E287928000ADEDA /* QJDownloadManager.m */ = {isa = PBXFileReference; fileEncoding = 4; lastKnownFileType = sourcecode.c.objc; path = QJDownloadManager.m; sourceTree = "<group>"; };
		5A4ADAC61E723F7100CA9EA4 /* Entity+CoreDataClass.h */ = {isa = PBXFileReference; fileEncoding = 4; lastKnownFileType = sourcecode.c.h; path = "Entity+CoreDataClass.h"; sourceTree = "<group>"; };
		5A4ADAC71E723F7100CA9EA4 /* Entity+CoreDataClass.m */ = {isa = PBXFileReference; fileEncoding = 4; lastKnownFileType = sourcecode.c.objc; path = "Entity+CoreDataClass.m"; sourceTree = "<group>"; };
		5A4ADAC81E723F7100CA9EA4 /* Entity+CoreDataProperties.h */ = {isa = PBXFileReference; fileEncoding = 4; lastKnownFileType = sourcecode.c.h; path = "Entity+CoreDataProperties.h"; sourceTree = "<group>"; };
		5A4ADAC91E723F7100CA9EA4 /* Entity+CoreDataProperties.m */ = {isa = PBXFileReference; fileEncoding = 4; lastKnownFileType = sourcecode.c.objc; path = "Entity+CoreDataProperties.m"; sourceTree = "<group>"; };
		5A57ECD91E11462D00B28D37 /* PrefixHeader.pch */ = {isa = PBXFileReference; lastKnownFileType = sourcecode.c.h; path = PrefixHeader.pch; sourceTree = "<group>"; };
		5A57ECDD1E11570000B28D37 /* en */ = {isa = PBXFileReference; lastKnownFileType = text.plist.strings; name = en; path = en.lproj/Localizable.strings; sourceTree = "<group>"; };
		5A57ECDF1E11570200B28D37 /* zh-Hans */ = {isa = PBXFileReference; lastKnownFileType = text.plist.strings; name = "zh-Hans"; path = "zh-Hans.lproj/Localizable.strings"; sourceTree = "<group>"; };
		5A66701D1E6B150C0038551D /* QJMainTabBarViewController.h */ = {isa = PBXFileReference; fileEncoding = 4; lastKnownFileType = sourcecode.c.h; path = QJMainTabBarViewController.h; sourceTree = "<group>"; };
		5A66701E1E6B150C0038551D /* QJMainTabBarViewController.m */ = {isa = PBXFileReference; fileEncoding = 4; lastKnownFileType = sourcecode.c.objc; path = QJMainTabBarViewController.m; sourceTree = "<group>"; };
		5A67BF9A1E6FD6610047D25F /* TagCollect+CoreDataClass.h */ = {isa = PBXFileReference; fileEncoding = 4; lastKnownFileType = sourcecode.c.h; path = "TagCollect+CoreDataClass.h"; sourceTree = "<group>"; };
		5A67BF9B1E6FD6610047D25F /* TagCollect+CoreDataClass.m */ = {isa = PBXFileReference; fileEncoding = 4; lastKnownFileType = sourcecode.c.objc; path = "TagCollect+CoreDataClass.m"; sourceTree = "<group>"; };
		5A67BF9C1E6FD6610047D25F /* TagCollect+CoreDataProperties.h */ = {isa = PBXFileReference; fileEncoding = 4; lastKnownFileType = sourcecode.c.h; path = "TagCollect+CoreDataProperties.h"; sourceTree = "<group>"; };
		5A67BF9D1E6FD6610047D25F /* TagCollect+CoreDataProperties.m */ = {isa = PBXFileReference; fileEncoding = 4; lastKnownFileType = sourcecode.c.objc; path = "TagCollect+CoreDataProperties.m"; sourceTree = "<group>"; };
		5A67BFB61E6FE31C0047D25F /* QJTagMainViewController.h */ = {isa = PBXFileReference; fileEncoding = 4; lastKnownFileType = sourcecode.c.h; path = QJTagMainViewController.h; sourceTree = "<group>"; };
		5A67BFB71E6FE31C0047D25F /* QJTagMainViewController.m */ = {isa = PBXFileReference; fileEncoding = 4; lastKnownFileType = sourcecode.c.objc; path = QJTagMainViewController.m; sourceTree = "<group>"; };
		5A6D5B331E6C329E008AE79E /* QJSettingUserCell.h */ = {isa = PBXFileReference; fileEncoding = 4; lastKnownFileType = sourcecode.c.h; path = QJSettingUserCell.h; sourceTree = "<group>"; };
		5A6D5B341E6C329E008AE79E /* QJSettingUserCell.m */ = {isa = PBXFileReference; fileEncoding = 4; lastKnownFileType = sourcecode.c.objc; path = QJSettingUserCell.m; sourceTree = "<group>"; };
		5A6D5B351E6C329E008AE79E /* QJSettingUserCell.xib */ = {isa = PBXFileReference; fileEncoding = 4; lastKnownFileType = file.xib; path = QJSettingUserCell.xib; sourceTree = "<group>"; };
		5A7A54E31E4828F9002A817C /* DiveExHentaiV2.h */ = {isa = PBXFileReference; fileEncoding = 4; lastKnownFileType = sourcecode.c.h; path = DiveExHentaiV2.h; sourceTree = "<group>"; };
		5A7A54E41E4828F9002A817C /* DiveExHentaiV2.m */ = {isa = PBXFileReference; fileEncoding = 4; lastKnownFileType = sourcecode.c.objc; path = DiveExHentaiV2.m; sourceTree = "<group>"; };
		5A8441E41E22445200896D7A /* QJSettingViewController.h */ = {isa = PBXFileReference; fileEncoding = 4; lastKnownFileType = sourcecode.c.h; path = QJSettingViewController.h; sourceTree = "<group>"; };
		5A8441E51E22445200896D7A /* QJSettingViewController.m */ = {isa = PBXFileReference; fileEncoding = 4; lastKnownFileType = sourcecode.c.objc; path = QJSettingViewController.m; sourceTree = "<group>"; };
		5A89A46A1E2312E4009C82B2 /* QJStarView.h */ = {isa = PBXFileReference; fileEncoding = 4; lastKnownFileType = sourcecode.c.h; path = QJStarView.h; sourceTree = "<group>"; };
		5A89A46B1E2312E4009C82B2 /* QJStarView.m */ = {isa = PBXFileReference; fileEncoding = 4; lastKnownFileType = sourcecode.c.objc; path = QJStarView.m; sourceTree = "<group>"; };
		5A89A46D1E2321AD009C82B2 /* LocalAuthentication.framework */ = {isa = PBXFileReference; lastKnownFileType = wrapper.framework; name = LocalAuthentication.framework; path = System/Library/Frameworks/LocalAuthentication.framework; sourceTree = SDKROOT; };
		5A89A4751E2329CD009C82B2 /* QJAboutViewController.h */ = {isa = PBXFileReference; fileEncoding = 4; lastKnownFileType = sourcecode.c.h; path = QJAboutViewController.h; sourceTree = "<group>"; };
		5A89A4761E2329CD009C82B2 /* QJAboutViewController.m */ = {isa = PBXFileReference; fileEncoding = 4; lastKnownFileType = sourcecode.c.objc; path = QJAboutViewController.m; sourceTree = "<group>"; };
		5A89A47A1E235CF7009C82B2 /* QJAboutListViewController.h */ = {isa = PBXFileReference; fileEncoding = 4; lastKnownFileType = sourcecode.c.h; path = QJAboutListViewController.h; sourceTree = "<group>"; };
		5A89A47B1E235CF7009C82B2 /* QJAboutListViewController.m */ = {isa = PBXFileReference; fileEncoding = 4; lastKnownFileType = sourcecode.c.objc; path = QJAboutListViewController.m; sourceTree = "<group>"; };
		5A89A47F1E23696C009C82B2 /* QJTouchIDViewController.h */ = {isa = PBXFileReference; fileEncoding = 4; lastKnownFileType = sourcecode.c.h; path = QJTouchIDViewController.h; sourceTree = "<group>"; };
		5A89A4801E23696C009C82B2 /* QJTouchIDViewController.m */ = {isa = PBXFileReference; fileEncoding = 4; lastKnownFileType = sourcecode.c.objc; path = QJTouchIDViewController.m; sourceTree = "<group>"; };
		5A89A4811E23696C009C82B2 /* QJTouchIDViewController.xib */ = {isa = PBXFileReference; fileEncoding = 4; lastKnownFileType = file.xib; path = QJTouchIDViewController.xib; sourceTree = "<group>"; };
		5A8ADC651E25CBCC0075C5F6 /* QJCoreDataModel.xcdatamodel */ = {isa = PBXFileReference; lastKnownFileType = wrapper.xcdatamodel; path = QJCoreDataModel.xcdatamodel; sourceTree = "<group>"; };
		5A8ADC741E25D4290075C5F6 /* CoreData.framework */ = {isa = PBXFileReference; lastKnownFileType = wrapper.framework; name = CoreData.framework; path = System/Library/Frameworks/CoreData.framework; sourceTree = SDKROOT; };
		5A8ADC891E2603C20075C5F6 /* QJFavoritesViewController.h */ = {isa = PBXFileReference; fileEncoding = 4; lastKnownFileType = sourcecode.c.h; path = QJFavoritesViewController.h; sourceTree = "<group>"; };
		5A8ADC8A1E2603C20075C5F6 /* QJFavoritesViewController.m */ = {isa = PBXFileReference; fileEncoding = 4; lastKnownFileType = sourcecode.c.objc; path = QJFavoritesViewController.m; sourceTree = "<group>"; };
		5A8CA8AF1E246944008CB68D /* QJHotViewController.h */ = {isa = PBXFileReference; fileEncoding = 4; lastKnownFileType = sourcecode.c.h; path = QJHotViewController.h; sourceTree = "<group>"; };
		5A8CA8B01E246944008CB68D /* QJHotViewController.m */ = {isa = PBXFileReference; fileEncoding = 4; lastKnownFileType = sourcecode.c.objc; path = QJHotViewController.m; sourceTree = "<group>"; };
		5A8CA8B31E24C560008CB68D /* QJScoreView.h */ = {isa = PBXFileReference; fileEncoding = 4; lastKnownFileType = sourcecode.c.h; path = QJScoreView.h; sourceTree = "<group>"; };
		5A8CA8B41E24C560008CB68D /* QJScoreView.m */ = {isa = PBXFileReference; fileEncoding = 4; lastKnownFileType = sourcecode.c.objc; path = QJScoreView.m; sourceTree = "<group>"; };
		5A8CA8B61E24C579008CB68D /* QJScoreView.xib */ = {isa = PBXFileReference; fileEncoding = 4; lastKnownFileType = file.xib; path = QJScoreView.xib; sourceTree = "<group>"; };
		5A8CA8BC1E24F518008CB68D /* QJPasswordViewController.h */ = {isa = PBXFileReference; fileEncoding = 4; lastKnownFileType = sourcecode.c.h; path = QJPasswordViewController.h; sourceTree = "<group>"; };
		5A8CA8BD1E24F518008CB68D /* QJPasswordViewController.m */ = {isa = PBXFileReference; fileEncoding = 4; lastKnownFileType = sourcecode.c.objc; path = QJPasswordViewController.m; sourceTree = "<group>"; };
		5A8CA8BE1E24F518008CB68D /* QJPasswordViewController.xib */ = {isa = PBXFileReference; fileEncoding = 4; lastKnownFileType = file.xib; path = QJPasswordViewController.xib; sourceTree = "<group>"; };
		5A955D011E6EC5A9009DC5C8 /* QJFavoritesChooseController.h */ = {isa = PBXFileReference; fileEncoding = 4; lastKnownFileType = sourcecode.c.h; path = QJFavoritesChooseController.h; sourceTree = "<group>"; };
		5A955D021E6EC5A9009DC5C8 /* QJFavoritesChooseController.m */ = {isa = PBXFileReference; fileEncoding = 4; lastKnownFileType = sourcecode.c.objc; path = QJFavoritesChooseController.m; sourceTree = "<group>"; };
		5A955D051E6EC6BA009DC5C8 /* QJFavoritesChooseCell.h */ = {isa = PBXFileReference; fileEncoding = 4; lastKnownFileType = sourcecode.c.h; path = QJFavoritesChooseCell.h; sourceTree = "<group>"; };
		5A955D061E6EC6BA009DC5C8 /* QJFavoritesChooseCell.m */ = {isa = PBXFileReference; fileEncoding = 4; lastKnownFileType = sourcecode.c.objc; path = QJFavoritesChooseCell.m; sourceTree = "<group>"; };
		5A955D071E6EC6BA009DC5C8 /* QJFavoritesChooseCell.xib */ = {isa = PBXFileReference; fileEncoding = 4; lastKnownFileType = file.xib; path = QJFavoritesChooseCell.xib; sourceTree = "<group>"; };
		5A956E721E176F7B001720B5 /* QJTagView.h */ = {isa = PBXFileReference; fileEncoding = 4; lastKnownFileType = sourcecode.c.h; path = QJTagView.h; sourceTree = "<group>"; };
		5A956E731E176F7B001720B5 /* QJTagView.m */ = {isa = PBXFileReference; fileEncoding = 4; lastKnownFileType = sourcecode.c.objc; path = QJTagView.m; sourceTree = "<group>"; };
		5A956E791E17F661001720B5 /* QJTagViewController.h */ = {isa = PBXFileReference; fileEncoding = 4; lastKnownFileType = sourcecode.c.h; path = QJTagViewController.h; sourceTree = "<group>"; };
		5A956E7A1E17F661001720B5 /* QJTagViewController.m */ = {isa = PBXFileReference; fileEncoding = 4; lastKnownFileType = sourcecode.c.objc; path = QJTagViewController.m; sourceTree = "<group>"; };
		5A956E821E17FDC0001720B5 /* QJCommentCell.h */ = {isa = PBXFileReference; fileEncoding = 4; lastKnownFileType = sourcecode.c.h; path = QJCommentCell.h; sourceTree = "<group>"; };
		5A956E831E17FDC0001720B5 /* QJCommentCell.m */ = {isa = PBXFileReference; fileEncoding = 4; lastKnownFileType = sourcecode.c.objc; path = QJCommentCell.m; sourceTree = "<group>"; };
		5A956E841E17FDC0001720B5 /* QJCommentCell.xib */ = {isa = PBXFileReference; fileEncoding = 4; lastKnownFileType = file.xib; path = QJCommentCell.xib; sourceTree = "<group>"; };
		5A956E8B1E180875001720B5 /* UILabel+LinkUrl.h */ = {isa = PBXFileReference; fileEncoding = 4; lastKnownFileType = sourcecode.c.h; path = "UILabel+LinkUrl.h"; sourceTree = "<group>"; };
		5A956E8C1E180875001720B5 /* UILabel+LinkUrl.m */ = {isa = PBXFileReference; fileEncoding = 4; lastKnownFileType = sourcecode.c.objc; path = "UILabel+LinkUrl.m"; sourceTree = "<group>"; };
		5A956E901E180F9C001720B5 /* QJAllCommentViewController.h */ = {isa = PBXFileReference; fileEncoding = 4; lastKnownFileType = sourcecode.c.h; path = QJAllCommentViewController.h; sourceTree = "<group>"; };
		5A956E911E180F9C001720B5 /* QJAllCommentViewController.m */ = {isa = PBXFileReference; fileEncoding = 4; lastKnownFileType = sourcecode.c.objc; path = QJAllCommentViewController.m; sourceTree = "<group>"; };
		5AC789B81E0F850800DFFAA3 /* ExReadViewer.app */ = {isa = PBXFileReference; explicitFileType = wrapper.application; includeInIndex = 0; path = ExReadViewer.app; sourceTree = BUILT_PRODUCTS_DIR; };
		5AC789BC1E0F850800DFFAA3 /* main.m */ = {isa = PBXFileReference; lastKnownFileType = sourcecode.c.objc; path = main.m; sourceTree = "<group>"; };
		5AC789BE1E0F850800DFFAA3 /* AppDelegate.h */ = {isa = PBXFileReference; lastKnownFileType = sourcecode.c.h; path = AppDelegate.h; sourceTree = "<group>"; };
		5AC789BF1E0F850800DFFAA3 /* AppDelegate.m */ = {isa = PBXFileReference; lastKnownFileType = sourcecode.c.objc; path = AppDelegate.m; sourceTree = "<group>"; };
		5AC789C11E0F850800DFFAA3 /* ViewController.h */ = {isa = PBXFileReference; lastKnownFileType = sourcecode.c.h; path = ViewController.h; sourceTree = "<group>"; };
		5AC789C21E0F850800DFFAA3 /* ViewController.m */ = {isa = PBXFileReference; lastKnownFileType = sourcecode.c.objc; path = ViewController.m; sourceTree = "<group>"; };
		5AC789C51E0F850800DFFAA3 /* Base */ = {isa = PBXFileReference; lastKnownFileType = file.storyboard; name = Base; path = Base.lproj/Main.storyboard; sourceTree = "<group>"; };
		5AC789C71E0F850800DFFAA3 /* Assets.xcassets */ = {isa = PBXFileReference; lastKnownFileType = folder.assetcatalog; path = Assets.xcassets; sourceTree = "<group>"; };
		5AC789CA1E0F850800DFFAA3 /* Base */ = {isa = PBXFileReference; lastKnownFileType = file.storyboard; name = Base; path = Base.lproj/LaunchScreen.storyboard; sourceTree = "<group>"; };
		5AC789CC1E0F850800DFFAA3 /* Info.plist */ = {isa = PBXFileReference; lastKnownFileType = text.plist.xml; path = Info.plist; sourceTree = "<group>"; };
		5AC789DD1E0F868600DFFAA3 /* en */ = {isa = PBXFileReference; lastKnownFileType = text.plist.strings; name = en; path = en.lproj/InfoPlist.strings; sourceTree = "<group>"; };
		5AC789DF1E0F86AC00DFFAA3 /* zh-Hans */ = {isa = PBXFileReference; lastKnownFileType = text.plist.strings; name = "zh-Hans"; path = "zh-Hans.lproj/Main.strings"; sourceTree = "<group>"; };
		5AC789E01E0F86AC00DFFAA3 /* zh-Hans */ = {isa = PBXFileReference; lastKnownFileType = text.plist.strings; name = "zh-Hans"; path = "zh-Hans.lproj/LaunchScreen.strings"; sourceTree = "<group>"; };
		5AC789E11E0F86AC00DFFAA3 /* zh-Hans */ = {isa = PBXFileReference; lastKnownFileType = text.plist.strings; name = "zh-Hans"; path = "zh-Hans.lproj/InfoPlist.strings"; sourceTree = "<group>"; };
		5AD4A4131E31A2E3004514AF /* QJLoginViewController.h */ = {isa = PBXFileReference; fileEncoding = 4; lastKnownFileType = sourcecode.c.h; path = QJLoginViewController.h; sourceTree = "<group>"; };
		5AD4A4141E31A2E3004514AF /* QJLoginViewController.m */ = {isa = PBXFileReference; fileEncoding = 4; lastKnownFileType = sourcecode.c.objc; path = QJLoginViewController.m; sourceTree = "<group>"; };
		5AD4A4151E31A2E3004514AF /* QJLoginViewController.xib */ = {isa = PBXFileReference; fileEncoding = 4; lastKnownFileType = file.xib; path = QJLoginViewController.xib; sourceTree = "<group>"; };
		5ADF4AA91E41FD2700739557 /* QJTopButtonView.xib */ = {isa = PBXFileReference; fileEncoding = 4; lastKnownFileType = file.xib; path = QJTopButtonView.xib; sourceTree = "<group>"; };
		5AE738F21E18CC9300CCF605 /* QJThumbImageCell.h */ = {isa = PBXFileReference; fileEncoding = 4; lastKnownFileType = sourcecode.c.h; path = QJThumbImageCell.h; sourceTree = "<group>"; };
		5AE738F31E18CC9300CCF605 /* QJThumbImageCell.m */ = {isa = PBXFileReference; fileEncoding = 4; lastKnownFileType = sourcecode.c.objc; path = QJThumbImageCell.m; sourceTree = "<group>"; };
		5AE738F41E18CC9300CCF605 /* QJThumbImageCell.xib */ = {isa = PBXFileReference; fileEncoding = 4; lastKnownFileType = file.xib; path = QJThumbImageCell.xib; sourceTree = "<group>"; };
		5AF1D4281E13E978005D465C /* QJIntroInfoModel.h */ = {isa = PBXFileReference; fileEncoding = 4; lastKnownFileType = sourcecode.c.h; path = QJIntroInfoModel.h; sourceTree = "<group>"; };
		5AF1D4291E13E978005D465C /* QJIntroInfoModel.m */ = {isa = PBXFileReference; fileEncoding = 4; lastKnownFileType = sourcecode.c.objc; path = QJIntroInfoModel.m; sourceTree = "<group>"; };
		5AF42D541E42F52900BEC584 /* QJTopButtonView.h */ = {isa = PBXFileReference; fileEncoding = 4; lastKnownFileType = sourcecode.c.h; path = QJTopButtonView.h; sourceTree = "<group>"; };
		5AF42D551E42F52900BEC584 /* QJTopButtonView.m */ = {isa = PBXFileReference; fileEncoding = 4; lastKnownFileType = sourcecode.c.objc; path = QJTopButtonView.m; sourceTree = "<group>"; };
		5AFD23B11E159BCF0003B905 /* QJIntroViewController.h */ = {isa = PBXFileReference; fileEncoding = 4; lastKnownFileType = sourcecode.c.h; path = QJIntroViewController.h; sourceTree = "<group>"; };
		5AFD23B21E159BCF0003B905 /* QJIntroViewController.m */ = {isa = PBXFileReference; fileEncoding = 4; lastKnownFileType = sourcecode.c.objc; path = QJIntroViewController.m; sourceTree = "<group>"; };
		5AFD23B31E159BCF0003B905 /* QJIntroViewController.xib */ = {isa = PBXFileReference; fileEncoding = 4; lastKnownFileType = file.xib; path = QJIntroViewController.xib; sourceTree = "<group>"; };
/* End PBXFileReference section */

/* Begin PBXFrameworksBuildPhase section */
		5AC789B51E0F850800DFFAA3 /* Frameworks */ = {
			isa = PBXFrameworksBuildPhase;
			buildActionMask = 2147483647;
			files = (
				5A8ADC761E25D8760075C5F6 /* CoreData.framework in Frameworks */,
				5A89A46E1E2321AD009C82B2 /* LocalAuthentication.framework in Frameworks */,
				5A3A3C431E10C5AD00704F81 /* libxml2.2.tbd in Frameworks */,
				61C6FAE954856155D80D50DF /* libPods-ExReadViewer.a in Frameworks */,
			);
			runOnlyForDeploymentPostprocessing = 0;
		};
/* End PBXFrameworksBuildPhase section */

/* Begin PBXGroup section */
		521FFF550CFF362327DBF2C5 /* Frameworks */ = {
			isa = PBXGroup;
			children = (
				5A8ADC741E25D4290075C5F6 /* CoreData.framework */,
				5A89A46D1E2321AD009C82B2 /* LocalAuthentication.framework */,
				5A3A3C421E10C5AD00704F81 /* libxml2.2.tbd */,
				2ADB6691A1526C9215945DC6 /* libPods-ExReadViewer.a */,
			);
			name = Frameworks;
			sourceTree = "<group>";
		};
		5A22E09E1E211603008837FC /* ListCell */ = {
			isa = PBXGroup;
			children = (
				5A3A3C331E10C4F200704F81 /* QJMainListCell.h */,
				5A3A3C341E10C4F200704F81 /* QJMainListCell.m */,
				5A3A3C351E10C4F200704F81 /* QJMainListCell.xib */,
			);
			name = ListCell;
			sourceTree = "<group>";
		};
		5A2D74331E7796F100037F09 /* MMButtonMenu */ = {
			isa = PBXGroup;
			children = (
				5A2D74341E7796F100037F09 /* MMButtonMenu.h */,
				5A2D74351E7796F100037F09 /* MMButtonMenu.m */,
				5A2D74361E7796F100037F09 /* MMButtonMenuItem.h */,
				5A2D74371E7796F100037F09 /* MMButtonMenuItem.m */,
			);
			path = MMButtonMenu;
			sourceTree = "<group>";
		};
		5A39F8821E49530D00A45090 /* ImageSeparate */ = {
			isa = PBXGroup;
			children = (
				5A39F8861E49546100A45090 /* WUIImage.h */,
				5A39F8871E49546100A45090 /* WUIImage.m */,
			);
			name = ImageSeparate;
			sourceTree = "<group>";
		};
		5A3A3C121E10B00B00704F81 /* Main */ = {
			isa = PBXGroup;
			children = (
				5A66701C1E6B14D30038551D /* TabBar */,
				5A8ADC621E25CAE30075C5F6 /* Favorites */,
				5A8CA8AE1E2468FB008CB68D /* Hot */,
				5A956E781E17F637001720B5 /* Tag */,
				5A956E771E17F624001720B5 /* Main */,
			);
			name = Main;
			sourceTree = "<group>";
		};
		5A3A3C131E10B01800704F81 /* View */ = {
			isa = PBXGroup;
			children = (
				5ADF4AA81E41FCE600739557 /* TopButtonView */,
				5A89A4681E2311F0009C82B2 /* StarView */,
				5A22E09E1E211603008837FC /* ListCell */,
			);
			name = View;
			sourceTree = "<group>";
		};
		5A3A3C191E10C35A00704F81 /* ThirdParty */ = {
			isa = PBXGroup;
			children = (
				5A3A3C381E10C51300704F81 /* Hpple */,
			);
			name = ThirdParty;
			sourceTree = "<group>";
		};
		5A3A3C381E10C51300704F81 /* Hpple */ = {
			isa = PBXGroup;
			children = (
				5A3A3C391E10C51300704F81 /* TFHpple.h */,
				5A3A3C3A1E10C51300704F81 /* TFHpple.m */,
				5A3A3C3B1E10C51300704F81 /* TFHppleElement.h */,
				5A3A3C3C1E10C51300704F81 /* TFHppleElement.m */,
				5A3A3C3D1E10C51300704F81 /* XPathQuery.h */,
				5A3A3C3E1E10C51300704F81 /* XPathQuery.m */,
			);
			path = Hpple;
			sourceTree = "<group>";
		};
		5A3A3C511E1114F100704F81 /* Commom */ = {
			isa = PBXGroup;
			children = (
				5A2D74331E7796F100037F09 /* MMButtonMenu */,
				5A39F8821E49530D00A45090 /* ImageSeparate */,
				5A7A54E21E48237B002A817C /* DiveExHentaiV2 */,
				5A3BA4F21E2878C6000ADEDA /* DownloadManager */,
				5A956E871E1807BC001720B5 /* LabelWithUrl */,
				5A3A3C521E11150000704F81 /* HentaiParser */,
			);
			name = Commom;
			sourceTree = "<group>";
		};
		5A3A3C521E11150000704F81 /* HentaiParser */ = {
			isa = PBXGroup;
			children = (
				5A3A3C531E11150B00704F81 /* HentaiParser.h */,
				5A3A3C541E11150B00704F81 /* HentaiParser.m */,
			);
			name = HentaiParser;
			sourceTree = "<group>";
		};
		5A3BA4F21E2878C6000ADEDA /* DownloadManager */ = {
			isa = PBXGroup;
			children = (
				5A3BA4F31E287928000ADEDA /* QJDownloadManager.h */,
				5A3BA4F41E287928000ADEDA /* QJDownloadManager.m */,
			);
			name = DownloadManager;
			sourceTree = "<group>";
		};
		5A66701C1E6B14D30038551D /* TabBar */ = {
			isa = PBXGroup;
			children = (
				5A66701D1E6B150C0038551D /* QJMainTabBarViewController.h */,
				5A66701E1E6B150C0038551D /* QJMainTabBarViewController.m */,
			);
			name = TabBar;
			sourceTree = "<group>";
		};
		5A67BFB41E6FE2CC0047D25F /* List */ = {
			isa = PBXGroup;
			children = (
				5A956E791E17F661001720B5 /* QJTagViewController.h */,
				5A956E7A1E17F661001720B5 /* QJTagViewController.m */,
			);
			name = List;
			sourceTree = "<group>";
		};
		5A67BFB51E6FE2D60047D25F /* Main */ = {
			isa = PBXGroup;
			children = (
				5A67BFB61E6FE31C0047D25F /* QJTagMainViewController.h */,
				5A67BFB71E6FE31C0047D25F /* QJTagMainViewController.m */,
			);
			name = Main;
			sourceTree = "<group>";
		};
		5A6D5B321E6C326E008AE79E /* View */ = {
			isa = PBXGroup;
			children = (
				5A6D5B331E6C329E008AE79E /* QJSettingUserCell.h */,
				5A6D5B341E6C329E008AE79E /* QJSettingUserCell.m */,
				5A6D5B351E6C329E008AE79E /* QJSettingUserCell.xib */,
			);
			name = View;
			sourceTree = "<group>";
		};
		5A7A54E21E48237B002A817C /* DiveExHentaiV2 */ = {
			isa = PBXGroup;
			children = (
				5A7A54E31E4828F9002A817C /* DiveExHentaiV2.h */,
				5A7A54E41E4828F9002A817C /* DiveExHentaiV2.m */,
			);
			name = DiveExHentaiV2;
			sourceTree = "<group>";
		};
		5A89A4681E2311F0009C82B2 /* StarView */ = {
			isa = PBXGroup;
			children = (
				5A89A46A1E2312E4009C82B2 /* QJStarView.h */,
				5A89A46B1E2312E4009C82B2 /* QJStarView.m */,
			);
			name = StarView;
			sourceTree = "<group>";
		};
		5A89A4731E232999009C82B2 /* Main */ = {
			isa = PBXGroup;
			children = (
				5A6D5B321E6C326E008AE79E /* View */,
				5A8441E41E22445200896D7A /* QJSettingViewController.h */,
				5A8441E51E22445200896D7A /* QJSettingViewController.m */,
			);
			name = Main;
			sourceTree = "<group>";
		};
		5A89A4741E2329A4009C82B2 /* About */ = {
			isa = PBXGroup;
			children = (
				5A89A4791E235CE5009C82B2 /* List */,
				5A89A4781E235CDD009C82B2 /* Main */,
			);
			name = About;
			sourceTree = "<group>";
		};
		5A89A4781E235CDD009C82B2 /* Main */ = {
			isa = PBXGroup;
			children = (
				5A89A4751E2329CD009C82B2 /* QJAboutViewController.h */,
				5A89A4761E2329CD009C82B2 /* QJAboutViewController.m */,
			);
			name = Main;
			sourceTree = "<group>";
		};
		5A89A4791E235CE5009C82B2 /* List */ = {
			isa = PBXGroup;
			children = (
				5A89A47A1E235CF7009C82B2 /* QJAboutListViewController.h */,
				5A89A47B1E235CF7009C82B2 /* QJAboutListViewController.m */,
			);
			name = List;
			sourceTree = "<group>";
		};
		5A89A47D1E236941009C82B2 /* Safe */ = {
			isa = PBXGroup;
			children = (
				5A8CA8B81E24D400008CB68D /* Password */,
				5A89A47E1E236956009C82B2 /* TouchID */,
			);
			name = Safe;
			sourceTree = "<group>";
		};
		5A89A47E1E236956009C82B2 /* TouchID */ = {
			isa = PBXGroup;
			children = (
				5A89A47F1E23696C009C82B2 /* QJTouchIDViewController.h */,
				5A89A4801E23696C009C82B2 /* QJTouchIDViewController.m */,
				5A89A4811E23696C009C82B2 /* QJTouchIDViewController.xib */,
			);
			name = TouchID;
			sourceTree = "<group>";
		};
		5A8ADC621E25CAE30075C5F6 /* Favorites */ = {
			isa = PBXGroup;
			children = (
				5A955D001E6EC568009DC5C8 /* Choose */,
				5A955CFF1E6EC55D009DC5C8 /* Main */,
			);
			name = Favorites;
			sourceTree = "<group>";
		};
		5A8ADC631E25CB9C0075C5F6 /* CoreData */ = {
			isa = PBXGroup;
			children = (
				5A4ADAC61E723F7100CA9EA4 /* Entity+CoreDataClass.h */,
				5A4ADAC71E723F7100CA9EA4 /* Entity+CoreDataClass.m */,
				5A4ADAC81E723F7100CA9EA4 /* Entity+CoreDataProperties.h */,
				5A4ADAC91E723F7100CA9EA4 /* Entity+CoreDataProperties.m */,
				5A67BF9A1E6FD6610047D25F /* TagCollect+CoreDataClass.h */,
				5A67BF9B1E6FD6610047D25F /* TagCollect+CoreDataClass.m */,
				5A67BF9C1E6FD6610047D25F /* TagCollect+CoreDataProperties.h */,
				5A67BF9D1E6FD6610047D25F /* TagCollect+CoreDataProperties.m */,
				5A8ADC641E25CBCC0075C5F6 /* QJCoreDataModel.xcdatamodeld */,
			);
			name = CoreData;
			sourceTree = "<group>";
		};
		5A8CA8AE1E2468FB008CB68D /* Hot */ = {
			isa = PBXGroup;
			children = (
				5A8CA8AF1E246944008CB68D /* QJHotViewController.h */,
				5A8CA8B01E246944008CB68D /* QJHotViewController.m */,
			);
			name = Hot;
			sourceTree = "<group>";
		};
		5A8CA8B21E24C52E008CB68D /* scoreView */ = {
			isa = PBXGroup;
			children = (
				5A8CA8B31E24C560008CB68D /* QJScoreView.h */,
				5A8CA8B41E24C560008CB68D /* QJScoreView.m */,
				5A8CA8B61E24C579008CB68D /* QJScoreView.xib */,
			);
			name = scoreView;
			sourceTree = "<group>";
		};
		5A8CA8B81E24D400008CB68D /* Password */ = {
			isa = PBXGroup;
			children = (
				5A8CA8BC1E24F518008CB68D /* QJPasswordViewController.h */,
				5A8CA8BD1E24F518008CB68D /* QJPasswordViewController.m */,
				5A8CA8BE1E24F518008CB68D /* QJPasswordViewController.xib */,
			);
			name = Password;
			sourceTree = "<group>";
		};
		5A955CFF1E6EC55D009DC5C8 /* Main */ = {
			isa = PBXGroup;
			children = (
				5A8ADC891E2603C20075C5F6 /* QJFavoritesViewController.h */,
				5A8ADC8A1E2603C20075C5F6 /* QJFavoritesViewController.m */,
			);
			name = Main;
			sourceTree = "<group>";
		};
		5A955D001E6EC568009DC5C8 /* Choose */ = {
			isa = PBXGroup;
			children = (
				5A955D041E6EC674009DC5C8 /* View */,
				5A955D011E6EC5A9009DC5C8 /* QJFavoritesChooseController.h */,
				5A955D021E6EC5A9009DC5C8 /* QJFavoritesChooseController.m */,
			);
			name = Choose;
			sourceTree = "<group>";
		};
		5A955D041E6EC674009DC5C8 /* View */ = {
			isa = PBXGroup;
			children = (
				5A955D051E6EC6BA009DC5C8 /* QJFavoritesChooseCell.h */,
				5A955D061E6EC6BA009DC5C8 /* QJFavoritesChooseCell.m */,
				5A955D071E6EC6BA009DC5C8 /* QJFavoritesChooseCell.xib */,
			);
			name = View;
			sourceTree = "<group>";
		};
		5A956E751E176F81001720B5 /* View */ = {
			isa = PBXGroup;
			children = (
				5A8CA8B21E24C52E008CB68D /* scoreView */,
				5AE738F11E18CC6700CCF605 /* ImageCell */,
				5A956E7C1E17FB04001720B5 /* CommentView */,
				5A956E761E176F8C001720B5 /* TagView */,
			);
			name = View;
			sourceTree = "<group>";
		};
		5A956E761E176F8C001720B5 /* TagView */ = {
			isa = PBXGroup;
			children = (
				5A956E721E176F7B001720B5 /* QJTagView.h */,
				5A956E731E176F7B001720B5 /* QJTagView.m */,
			);
			name = TagView;
			sourceTree = "<group>";
		};
		5A956E771E17F624001720B5 /* Main */ = {
			isa = PBXGroup;
			children = (
				5A3A3C131E10B01800704F81 /* View */,
				5AC789C11E0F850800DFFAA3 /* ViewController.h */,
				5AC789C21E0F850800DFFAA3 /* ViewController.m */,
			);
			name = Main;
			sourceTree = "<group>";
		};
		5A956E781E17F637001720B5 /* Tag */ = {
			isa = PBXGroup;
			children = (
				5A67BFB51E6FE2D60047D25F /* Main */,
				5A67BFB41E6FE2CC0047D25F /* List */,
			);
			name = Tag;
			sourceTree = "<group>";
		};
		5A956E7C1E17FB04001720B5 /* CommentView */ = {
			isa = PBXGroup;
			children = (
				5A956E821E17FDC0001720B5 /* QJCommentCell.h */,
				5A956E831E17FDC0001720B5 /* QJCommentCell.m */,
				5A956E841E17FDC0001720B5 /* QJCommentCell.xib */,
			);
			name = CommentView;
			sourceTree = "<group>";
		};
		5A956E871E1807BC001720B5 /* LabelWithUrl */ = {
			isa = PBXGroup;
			children = (
				5A956E8B1E180875001720B5 /* UILabel+LinkUrl.h */,
				5A956E8C1E180875001720B5 /* UILabel+LinkUrl.m */,
			);
			name = LabelWithUrl;
			sourceTree = "<group>";
		};
		5A956E8E1E180F2C001720B5 /* Main */ = {
			isa = PBXGroup;
			children = (
				5A956E751E176F81001720B5 /* View */,
				5AF1D4271E13E946005D465C /* Model */,
				5AFD23B11E159BCF0003B905 /* QJIntroViewController.h */,
				5AFD23B21E159BCF0003B905 /* QJIntroViewController.m */,
				5AFD23B31E159BCF0003B905 /* QJIntroViewController.xib */,
			);
			name = Main;
			sourceTree = "<group>";
		};
		5A956E8F1E180F76001720B5 /* Comment */ = {
			isa = PBXGroup;
			children = (
				5A956E901E180F9C001720B5 /* QJAllCommentViewController.h */,
				5A956E911E180F9C001720B5 /* QJAllCommentViewController.m */,
			);
			name = Comment;
			sourceTree = "<group>";
		};
		5AC789AF1E0F850800DFFAA3 = {
			isa = PBXGroup;
			children = (
				5AC789BA1E0F850800DFFAA3 /* ExReadViewer */,
				5AC789B91E0F850800DFFAA3 /* Products */,
				E0041627B9CFF4008BBC777A /* Pods */,
				521FFF550CFF362327DBF2C5 /* Frameworks */,
			);
			sourceTree = "<group>";
		};
		5AC789B91E0F850800DFFAA3 /* Products */ = {
			isa = PBXGroup;
			children = (
				5AC789B81E0F850800DFFAA3 /* ExReadViewer.app */,
			);
			name = Products;
			sourceTree = "<group>";
		};
		5AC789BA1E0F850800DFFAA3 /* ExReadViewer */ = {
			isa = PBXGroup;
			children = (
				5A3A3C511E1114F100704F81 /* Commom */,
				5A3A3C191E10C35A00704F81 /* ThirdParty */,
				5A8ADC631E25CB9C0075C5F6 /* CoreData */,
				5A89A47D1E236941009C82B2 /* Safe */,
				5AED26A31E2238F4002F53CE /* Setting */,
				5AF1D4231E13E79C005D465C /* Intro */,
				5A3A3C121E10B00B00704F81 /* Main */,
				5AC789BE1E0F850800DFFAA3 /* AppDelegate.h */,
				5AC789BF1E0F850800DFFAA3 /* AppDelegate.m */,
				5AC789C41E0F850800DFFAA3 /* Main.storyboard */,
				5AC789C71E0F850800DFFAA3 /* Assets.xcassets */,
				5AC789C91E0F850800DFFAA3 /* LaunchScreen.storyboard */,
				5AC789CC1E0F850800DFFAA3 /* Info.plist */,
				5AC789BB1E0F850800DFFAA3 /* Supporting Files */,
			);
			path = ExReadViewer;
			sourceTree = "<group>";
		};
		5AC789BB1E0F850800DFFAA3 /* Supporting Files */ = {
			isa = PBXGroup;
			children = (
				5AC789BC1E0F850800DFFAA3 /* main.m */,
				5AC789DE1E0F868600DFFAA3 /* InfoPlist.strings */,
				5A57ECDE1E11570000B28D37 /* Localizable.strings */,
				5A57ECD91E11462D00B28D37 /* PrefixHeader.pch */,
			);
			name = "Supporting Files";
			sourceTree = "<group>";
		};
		5AD4A40F1E30A8F0004514AF /* Login */ = {
			isa = PBXGroup;
			children = (
				5AD4A4131E31A2E3004514AF /* QJLoginViewController.h */,
				5AD4A4141E31A2E3004514AF /* QJLoginViewController.m */,
				5AD4A4151E31A2E3004514AF /* QJLoginViewController.xib */,
			);
			name = Login;
			sourceTree = "<group>";
		};
		5ADF4AA81E41FCE600739557 /* TopButtonView */ = {
			isa = PBXGroup;
			children = (
				5AF42D541E42F52900BEC584 /* QJTopButtonView.h */,
				5AF42D551E42F52900BEC584 /* QJTopButtonView.m */,
				5ADF4AA91E41FD2700739557 /* QJTopButtonView.xib */,
			);
			name = TopButtonView;
			sourceTree = "<group>";
		};
		5AE738F11E18CC6700CCF605 /* ImageCell */ = {
			isa = PBXGroup;
			children = (
				5AE738F21E18CC9300CCF605 /* QJThumbImageCell.h */,
				5AE738F31E18CC9300CCF605 /* QJThumbImageCell.m */,
				5AE738F41E18CC9300CCF605 /* QJThumbImageCell.xib */,
			);
			name = ImageCell;
			sourceTree = "<group>";
		};
		5AED26A31E2238F4002F53CE /* Setting */ = {
			isa = PBXGroup;
			children = (
				5AD4A40F1E30A8F0004514AF /* Login */,
				5A89A4741E2329A4009C82B2 /* About */,
				5A89A4731E232999009C82B2 /* Main */,
			);
			name = Setting;
			sourceTree = "<group>";
		};
		5AF1D4231E13E79C005D465C /* Intro */ = {
			isa = PBXGroup;
			children = (
				5A956E8F1E180F76001720B5 /* Comment */,
				5A956E8E1E180F2C001720B5 /* Main */,
			);
			name = Intro;
			sourceTree = "<group>";
		};
		5AF1D4271E13E946005D465C /* Model */ = {
			isa = PBXGroup;
			children = (
				5AF1D4281E13E978005D465C /* QJIntroInfoModel.h */,
				5AF1D4291E13E978005D465C /* QJIntroInfoModel.m */,
			);
			name = Model;
			sourceTree = "<group>";
		};
		E0041627B9CFF4008BBC777A /* Pods */ = {
			isa = PBXGroup;
			children = (
				34A82DA07F8B8395FA4867DC /* Pods-ExReadViewer.debug.xcconfig */,
				0D3287C0245623183D78C405 /* Pods-ExReadViewer.release.xcconfig */,
			);
			name = Pods;
			sourceTree = "<group>";
		};
/* End PBXGroup section */

/* Begin PBXNativeTarget section */
		5AC789B71E0F850800DFFAA3 /* ExReadViewer */ = {
			isa = PBXNativeTarget;
			buildConfigurationList = 5AC789CF1E0F850800DFFAA3 /* Build configuration list for PBXNativeTarget "ExReadViewer" */;
			buildPhases = (
				3E058AEF71C81A3438411726 /* [CP] Check Pods Manifest.lock */,
				5AC789B41E0F850800DFFAA3 /* Sources */,
				5AC789B51E0F850800DFFAA3 /* Frameworks */,
				5AC789B61E0F850800DFFAA3 /* Resources */,
				85BDB9E264A32BB98F2D8429 /* [CP] Embed Pods Frameworks */,
				D790FCC1723417534B424F15 /* [CP] Copy Pods Resources */,
			);
			buildRules = (
			);
			dependencies = (
			);
			name = ExReadViewer;
			productName = ExReadViewer;
			productReference = 5AC789B81E0F850800DFFAA3 /* ExReadViewer.app */;
			productType = "com.apple.product-type.application";
		};
/* End PBXNativeTarget section */

/* Begin PBXProject section */
		5AC789B01E0F850800DFFAA3 /* Project object */ = {
			isa = PBXProject;
			attributes = {
				LastUpgradeCheck = 0820;
				ORGANIZATIONNAME = "茅野瓜子";
				TargetAttributes = {
					5AC789B71E0F850800DFFAA3 = {
						CreatedOnToolsVersion = 8.2.1;
						DevelopmentTeam = T383NXR73L;
						LastSwiftMigration = 0820;
						ProvisioningStyle = Automatic;
						SystemCapabilities = {
							com.apple.BackgroundModes = {
								enabled = 0;
							};
						};
					};
				};
			};
			buildConfigurationList = 5AC789B31E0F850800DFFAA3 /* Build configuration list for PBXProject "ExReadViewer" */;
			compatibilityVersion = "Xcode 3.2";
			developmentRegion = English;
			hasScannedForEncodings = 0;
			knownRegions = (
				en,
				Base,
				"zh-Hans",
			);
			mainGroup = 5AC789AF1E0F850800DFFAA3;
			productRefGroup = 5AC789B91E0F850800DFFAA3 /* Products */;
			projectDirPath = "";
			projectRoot = "";
			targets = (
				5AC789B71E0F850800DFFAA3 /* ExReadViewer */,
			);
		};
/* End PBXProject section */

/* Begin PBXResourcesBuildPhase section */
		5AC789B61E0F850800DFFAA3 /* Resources */ = {
			isa = PBXResourcesBuildPhase;
			buildActionMask = 2147483647;
			files = (
				5ADF4AAA1E41FD2700739557 /* QJTopButtonView.xib in Resources */,
				5AC789CB1E0F850800DFFAA3 /* LaunchScreen.storyboard in Resources */,
				5A89A4831E23696C009C82B2 /* QJTouchIDViewController.xib in Resources */,
				5AD4A4171E31A2E3004514AF /* QJLoginViewController.xib in Resources */,
				5A57ECDC1E11570000B28D37 /* Localizable.strings in Resources */,
				5AC789DC1E0F868600DFFAA3 /* InfoPlist.strings in Resources */,
				5A3A3C371E10C4F200704F81 /* QJMainListCell.xib in Resources */,
				5AFD23B51E159BCF0003B905 /* QJIntroViewController.xib in Resources */,
				5A8CA8C01E24F518008CB68D /* QJPasswordViewController.xib in Resources */,
				5A955D091E6EC6BA009DC5C8 /* QJFavoritesChooseCell.xib in Resources */,
				5A956E861E17FDC0001720B5 /* QJCommentCell.xib in Resources */,
				5AE738F61E18CC9300CCF605 /* QJThumbImageCell.xib in Resources */,
				5AC789C81E0F850800DFFAA3 /* Assets.xcassets in Resources */,
				5A8CA8B71E24C579008CB68D /* QJScoreView.xib in Resources */,
				5A6D5B371E6C329E008AE79E /* QJSettingUserCell.xib in Resources */,
				5AC789C61E0F850800DFFAA3 /* Main.storyboard in Resources */,
			);
			runOnlyForDeploymentPostprocessing = 0;
		};
/* End PBXResourcesBuildPhase section */

/* Begin PBXShellScriptBuildPhase section */
		3E058AEF71C81A3438411726 /* [CP] Check Pods Manifest.lock */ = {
			isa = PBXShellScriptBuildPhase;
			buildActionMask = 2147483647;
			files = (
			);
			inputPaths = (
			);
			name = "[CP] Check Pods Manifest.lock";
			outputPaths = (
			);
			runOnlyForDeploymentPostprocessing = 0;
			shellPath = /bin/sh;
			shellScript = "diff \"${PODS_ROOT}/../Podfile.lock\" \"${PODS_ROOT}/Manifest.lock\" > /dev/null\nif [ $? != 0 ] ; then\n    # print error to STDERR\n    echo \"error: The sandbox is not in sync with the Podfile.lock. Run 'pod install' or update your CocoaPods installation.\" >&2\n    exit 1\nfi\n";
			showEnvVarsInLog = 0;
		};
		85BDB9E264A32BB98F2D8429 /* [CP] Embed Pods Frameworks */ = {
			isa = PBXShellScriptBuildPhase;
			buildActionMask = 2147483647;
			files = (
			);
			inputPaths = (
			);
			name = "[CP] Embed Pods Frameworks";
			outputPaths = (
			);
			runOnlyForDeploymentPostprocessing = 0;
			shellPath = /bin/sh;
			shellScript = "\"${SRCROOT}/Pods/Target Support Files/Pods-ExReadViewer/Pods-ExReadViewer-frameworks.sh\"\n";
			showEnvVarsInLog = 0;
		};
		D790FCC1723417534B424F15 /* [CP] Copy Pods Resources */ = {
			isa = PBXShellScriptBuildPhase;
			buildActionMask = 2147483647;
			files = (
			);
			inputPaths = (
			);
			name = "[CP] Copy Pods Resources";
			outputPaths = (
			);
			runOnlyForDeploymentPostprocessing = 0;
			shellPath = /bin/sh;
			shellScript = "\"${SRCROOT}/Pods/Target Support Files/Pods-ExReadViewer/Pods-ExReadViewer-resources.sh\"\n";
			showEnvVarsInLog = 0;
		};
/* End PBXShellScriptBuildPhase section */

/* Begin PBXSourcesBuildPhase section */
		5AC789B41E0F850800DFFAA3 /* Sources */ = {
			isa = PBXSourcesBuildPhase;
			buildActionMask = 2147483647;
			files = (
				5A39F8881E49546100A45090 /* WUIImage.m in Sources */,
				5A3A3C401E10C51300704F81 /* TFHppleElement.m in Sources */,
				5A3A3C411E10C51300704F81 /* XPathQuery.m in Sources */,
				5AF42D561E42F52900BEC584 /* QJTopButtonView.m in Sources */,
				5A8CA8B51E24C560008CB68D /* QJScoreView.m in Sources */,
				5A67BFB81E6FE31C0047D25F /* QJTagMainViewController.m in Sources */,
				5AD4A4161E31A2E3004514AF /* QJLoginViewController.m in Sources */,
				5A67BF9F1E6FD6610047D25F /* TagCollect+CoreDataProperties.m in Sources */,
				5A7A54E51E4828F9002A817C /* DiveExHentaiV2.m in Sources */,
				5A956E8D1E180875001720B5 /* UILabel+LinkUrl.m in Sources */,
				5A955D031E6EC5A9009DC5C8 /* QJFavoritesChooseController.m in Sources */,
				5A956E741E176F7B001720B5 /* QJTagView.m in Sources */,
				5A8CA8B11E246944008CB68D /* QJHotViewController.m in Sources */,
				5A956E851E17FDC0001720B5 /* QJCommentCell.m in Sources */,
				5A3A3C3F1E10C51300704F81 /* TFHpple.m in Sources */,
				5AC789C31E0F850800DFFAA3 /* ViewController.m in Sources */,
				5AC789C01E0F850800DFFAA3 /* AppDelegate.m in Sources */,
				5A4ADACA1E723F7100CA9EA4 /* Entity+CoreDataClass.m in Sources */,
				5A956E7B1E17F661001720B5 /* QJTagViewController.m in Sources */,
				5AC789BD1E0F850800DFFAA3 /* main.m in Sources */,
				5A8CA8BF1E24F518008CB68D /* QJPasswordViewController.m in Sources */,
				5A3A3C361E10C4F200704F81 /* QJMainListCell.m in Sources */,
				5A2D74381E7796F100037F09 /* MMButtonMenu.m in Sources */,
				5AE738F51E18CC9300CCF605 /* QJThumbImageCell.m in Sources */,
				5A89A4821E23696C009C82B2 /* QJTouchIDViewController.m in Sources */,
				5A3BA4F51E287928000ADEDA /* QJDownloadManager.m in Sources */,
				5A3A3C551E11150B00704F81 /* HentaiParser.m in Sources */,
				5A89A46C1E2312E4009C82B2 /* QJStarView.m in Sources */,
				5A955D081E6EC6BA009DC5C8 /* QJFavoritesChooseCell.m in Sources */,
				5A8ADC661E25CBCC0075C5F6 /* QJCoreDataModel.xcdatamodeld in Sources */,
				5A4ADACB1E723F7100CA9EA4 /* Entity+CoreDataProperties.m in Sources */,
				5A6D5B361E6C329E008AE79E /* QJSettingUserCell.m in Sources */,
				5A8ADC8B1E2603C20075C5F6 /* QJFavoritesViewController.m in Sources */,
				5A89A4771E2329CD009C82B2 /* QJAboutViewController.m in Sources */,
				5A8441E61E22445200896D7A /* QJSettingViewController.m in Sources */,
				5A956E921E180F9C001720B5 /* QJAllCommentViewController.m in Sources */,
				5AFD23B41E159BCF0003B905 /* QJIntroViewController.m in Sources */,
				5A67BF9E1E6FD6610047D25F /* TagCollect+CoreDataClass.m in Sources */,
				5AF1D42A1E13E978005D465C /* QJIntroInfoModel.m in Sources */,
				5A66701F1E6B150C0038551D /* QJMainTabBarViewController.m in Sources */,
				5A89A47C1E235CF7009C82B2 /* QJAboutListViewController.m in Sources */,
				5A2D74391E7796F100037F09 /* MMButtonMenuItem.m in Sources */,
			);
			runOnlyForDeploymentPostprocessing = 0;
		};
/* End PBXSourcesBuildPhase section */

/* Begin PBXVariantGroup section */
		5A57ECDE1E11570000B28D37 /* Localizable.strings */ = {
			isa = PBXVariantGroup;
			children = (
				5A57ECDD1E11570000B28D37 /* en */,
				5A57ECDF1E11570200B28D37 /* zh-Hans */,
			);
			name = Localizable.strings;
			sourceTree = "<group>";
		};
		5AC789C41E0F850800DFFAA3 /* Main.storyboard */ = {
			isa = PBXVariantGroup;
			children = (
				5AC789C51E0F850800DFFAA3 /* Base */,
				5AC789DF1E0F86AC00DFFAA3 /* zh-Hans */,
			);
			name = Main.storyboard;
			sourceTree = "<group>";
		};
		5AC789C91E0F850800DFFAA3 /* LaunchScreen.storyboard */ = {
			isa = PBXVariantGroup;
			children = (
				5AC789CA1E0F850800DFFAA3 /* Base */,
				5AC789E01E0F86AC00DFFAA3 /* zh-Hans */,
			);
			name = LaunchScreen.storyboard;
			sourceTree = "<group>";
		};
		5AC789DE1E0F868600DFFAA3 /* InfoPlist.strings */ = {
			isa = PBXVariantGroup;
			children = (
				5AC789DD1E0F868600DFFAA3 /* en */,
				5AC789E11E0F86AC00DFFAA3 /* zh-Hans */,
			);
			name = InfoPlist.strings;
			sourceTree = "<group>";
		};
/* End PBXVariantGroup section */

/* Begin XCBuildConfiguration section */
		5AC789CD1E0F850800DFFAA3 /* Debug */ = {
			isa = XCBuildConfiguration;
			buildSettings = {
				ALWAYS_SEARCH_USER_PATHS = NO;
				CLANG_ANALYZER_LOCALIZABILITY_NONLOCALIZED = YES;
				CLANG_ANALYZER_NONNULL = YES;
				CLANG_CXX_LANGUAGE_STANDARD = "gnu++0x";
				CLANG_CXX_LIBRARY = "libc++";
				CLANG_ENABLE_MODULES = YES;
				CLANG_ENABLE_OBJC_ARC = YES;
				CLANG_WARN_BOOL_CONVERSION = YES;
				CLANG_WARN_CONSTANT_CONVERSION = YES;
				CLANG_WARN_DIRECT_OBJC_ISA_USAGE = YES_ERROR;
				CLANG_WARN_DOCUMENTATION_COMMENTS = YES;
				CLANG_WARN_EMPTY_BODY = YES;
				CLANG_WARN_ENUM_CONVERSION = YES;
				CLANG_WARN_INFINITE_RECURSION = YES;
				CLANG_WARN_INT_CONVERSION = YES;
				CLANG_WARN_OBJC_ROOT_CLASS = YES_ERROR;
				CLANG_WARN_SUSPICIOUS_MOVE = YES;
				CLANG_WARN_UNREACHABLE_CODE = YES;
				CLANG_WARN__DUPLICATE_METHOD_MATCH = YES;
				"CODE_SIGN_IDENTITY[sdk=iphoneos*]" = "iPhone Developer";
				COPY_PHASE_STRIP = NO;
				DEBUG_INFORMATION_FORMAT = dwarf;
				ENABLE_STRICT_OBJC_MSGSEND = YES;
				ENABLE_TESTABILITY = YES;
				GCC_C_LANGUAGE_STANDARD = gnu99;
				GCC_DYNAMIC_NO_PIC = NO;
				GCC_NO_COMMON_BLOCKS = YES;
				GCC_OPTIMIZATION_LEVEL = 0;
				GCC_PREPROCESSOR_DEFINITIONS = (
					"DEBUG=1",
					"$(inherited)",
				);
				GCC_WARN_64_TO_32_BIT_CONVERSION = YES;
				GCC_WARN_ABOUT_RETURN_TYPE = YES_ERROR;
				GCC_WARN_UNDECLARED_SELECTOR = YES;
				GCC_WARN_UNINITIALIZED_AUTOS = YES_AGGRESSIVE;
				GCC_WARN_UNUSED_FUNCTION = YES;
				GCC_WARN_UNUSED_VARIABLE = YES;
				IPHONEOS_DEPLOYMENT_TARGET = 10.2;
				MTL_ENABLE_DEBUG_INFO = YES;
				ONLY_ACTIVE_ARCH = YES;
				SDKROOT = iphoneos;
			};
			name = Debug;
		};
		5AC789CE1E0F850800DFFAA3 /* Release */ = {
			isa = XCBuildConfiguration;
			buildSettings = {
				ALWAYS_SEARCH_USER_PATHS = NO;
				CLANG_ANALYZER_LOCALIZABILITY_NONLOCALIZED = YES;
				CLANG_ANALYZER_NONNULL = YES;
				CLANG_CXX_LANGUAGE_STANDARD = "gnu++0x";
				CLANG_CXX_LIBRARY = "libc++";
				CLANG_ENABLE_MODULES = YES;
				CLANG_ENABLE_OBJC_ARC = YES;
				CLANG_WARN_BOOL_CONVERSION = YES;
				CLANG_WARN_CONSTANT_CONVERSION = YES;
				CLANG_WARN_DIRECT_OBJC_ISA_USAGE = YES_ERROR;
				CLANG_WARN_DOCUMENTATION_COMMENTS = YES;
				CLANG_WARN_EMPTY_BODY = YES;
				CLANG_WARN_ENUM_CONVERSION = YES;
				CLANG_WARN_INFINITE_RECURSION = YES;
				CLANG_WARN_INT_CONVERSION = YES;
				CLANG_WARN_OBJC_ROOT_CLASS = YES_ERROR;
				CLANG_WARN_SUSPICIOUS_MOVE = YES;
				CLANG_WARN_UNREACHABLE_CODE = YES;
				CLANG_WARN__DUPLICATE_METHOD_MATCH = YES;
				"CODE_SIGN_IDENTITY[sdk=iphoneos*]" = "iPhone Developer";
				COPY_PHASE_STRIP = NO;
				DEBUG_INFORMATION_FORMAT = "dwarf-with-dsym";
				ENABLE_NS_ASSERTIONS = NO;
				ENABLE_STRICT_OBJC_MSGSEND = YES;
				GCC_C_LANGUAGE_STANDARD = gnu99;
				GCC_NO_COMMON_BLOCKS = YES;
				GCC_WARN_64_TO_32_BIT_CONVERSION = YES;
				GCC_WARN_ABOUT_RETURN_TYPE = YES_ERROR;
				GCC_WARN_UNDECLARED_SELECTOR = YES;
				GCC_WARN_UNINITIALIZED_AUTOS = YES_AGGRESSIVE;
				GCC_WARN_UNUSED_FUNCTION = YES;
				GCC_WARN_UNUSED_VARIABLE = YES;
				IPHONEOS_DEPLOYMENT_TARGET = 10.2;
				MTL_ENABLE_DEBUG_INFO = NO;
				SDKROOT = iphoneos;
				VALIDATE_PRODUCT = YES;
			};
			name = Release;
		};
		5AC789D01E0F850800DFFAA3 /* Debug */ = {
			isa = XCBuildConfiguration;
			baseConfigurationReference = 34A82DA07F8B8395FA4867DC /* Pods-ExReadViewer.debug.xcconfig */;
			buildSettings = {
				ASSETCATALOG_COMPILER_APPICON_NAME = AppIcon;
				CLANG_ENABLE_MODULES = YES;
				DEVELOPMENT_TEAM = T383NXR73L;
				GCC_PREFIX_HEADER = "$(SRCROOT)/ExReadViewer/PrefixHeader.pch";
				HEADER_SEARCH_PATHS = (
					"$(inherited)",
					"\"${PODS_ROOT}/Headers/Public\"",
					"\"${PODS_ROOT}/Headers/Public/SDWebImage\"",
					"${SDKROOT}/usr/include/libxml2",
				);
				INFOPLIST_FILE = ExReadViewer/Info.plist;
				IPHONEOS_DEPLOYMENT_TARGET = 8.0;
				LD_RUNPATH_SEARCH_PATHS = "$(inherited) @executable_path/Frameworks";
				PRODUCT_BUNDLE_IDENTIFIER = cc.kayanouriko.ExReadViewer;
				PRODUCT_NAME = "$(TARGET_NAME)";
				SWIFT_OPTIMIZATION_LEVEL = "-Onone";
				SWIFT_VERSION = 3.0;
				TARGETED_DEVICE_FAMILY = "1,2";
				USER_HEADER_SEARCH_PATHS = "";
			};
			name = Debug;
		};
		5AC789D11E0F850800DFFAA3 /* Release */ = {
			isa = XCBuildConfiguration;
			baseConfigurationReference = 0D3287C0245623183D78C405 /* Pods-ExReadViewer.release.xcconfig */;
			buildSettings = {
				ASSETCATALOG_COMPILER_APPICON_NAME = AppIcon;
				CLANG_ENABLE_MODULES = YES;
				DEVELOPMENT_TEAM = T383NXR73L;
				GCC_PREFIX_HEADER = "$(SRCROOT)/ExReadViewer/PrefixHeader.pch";
				HEADER_SEARCH_PATHS = (
					"$(inherited)",
					"\"${PODS_ROOT}/Headers/Public\"",
					"\"${PODS_ROOT}/Headers/Public/SDWebImage\"",
					"${SDKROOT}/usr/include/libxml2",
				);
				INFOPLIST_FILE = ExReadViewer/Info.plist;
				IPHONEOS_DEPLOYMENT_TARGET = 8.0;
				LD_RUNPATH_SEARCH_PATHS = "$(inherited) @executable_path/Frameworks";
				PRODUCT_BUNDLE_IDENTIFIER = cc.kayanouriko.ExReadViewer;
				PRODUCT_NAME = "$(TARGET_NAME)";
				SWIFT_VERSION = 3.0;
				TARGETED_DEVICE_FAMILY = "1,2";
				USER_HEADER_SEARCH_PATHS = "";
			};
			name = Release;
		};
/* End XCBuildConfiguration section */

/* Begin XCConfigurationList section */
		5AC789B31E0F850800DFFAA3 /* Build configuration list for PBXProject "ExReadViewer" */ = {
			isa = XCConfigurationList;
			buildConfigurations = (
				5AC789CD1E0F850800DFFAA3 /* Debug */,
				5AC789CE1E0F850800DFFAA3 /* Release */,
			);
			defaultConfigurationIsVisible = 0;
			defaultConfigurationName = Release;
		};
		5AC789CF1E0F850800DFFAA3 /* Build configuration list for PBXNativeTarget "ExReadViewer" */ = {
			isa = XCConfigurationList;
			buildConfigurations = (
				5AC789D01E0F850800DFFAA3 /* Debug */,
				5AC789D11E0F850800DFFAA3 /* Release */,
			);
			defaultConfigurationIsVisible = 0;
			defaultConfigurationName = Release;
		};
/* End XCConfigurationList section */

/* Begin XCVersionGroup section */
		5A8ADC641E25CBCC0075C5F6 /* QJCoreDataModel.xcdatamodeld */ = {
			isa = XCVersionGroup;
			children = (
				5A8ADC651E25CBCC0075C5F6 /* QJCoreDataModel.xcdatamodel */,
			);
			currentVersion = 5A8ADC651E25CBCC0075C5F6 /* QJCoreDataModel.xcdatamodel */;
			path = QJCoreDataModel.xcdatamodeld;
			sourceTree = "<group>";
			versionGroupType = wrapper.xcdatamodel;
		};
/* End XCVersionGroup section */
	};
	rootObject = 5AC789B01E0F850800DFFAA3 /* Project object */;
}
